{
  "name": "stackblitz",
  "version": "1.0.0",
  "lockfileVersion": 2,
  "requires": true,
  "packages": {
    "": {
      "version": "1.0.0",
      "license": "ISC",
      "dependencies": {
        "@stackblitz/sdk": "^1.5.2"
      }
    },
    "node_modules/@stackblitz/sdk": {
      "version": "1.5.2",
      "resolved": "https://registry.npmjs.org/@stackblitz/sdk/-/sdk-1.5.2.tgz",
      "integrity": "sha512-rV8HJb7pti8UBROgVUbxc6f1DGxuUpaGCdQvxvHcGecwqqVMB4XAOzeGuk4HkQLmyCrH/9qTbNA6ch4FwQZRDQ=="
    }
  },
  "dependencies": {
    "@stackblitz/sdk": {
      "version": "1.5.2",
      "resolved": "https://registry.npmjs.org/@stackblitz/sdk/-/sdk-1.5.2.tgz",
      "integrity": "sha512-rV8HJb7pti8UBROgVUbxc6f1DGxuUpaGCdQvxvHcGecwqqVMB4XAOzeGuk4HkQLmyCrH/9qTbNA6ch4FwQZRDQ=="
    }
  }
}
