{
  "name": "json2html",
  "version": "1.0.0",
  "lockfileVersion": 2,
  "requires": true,
  "packages": {
    "": {
      "version": "1.0.0",
      "license": "ISC",
      "dependencies": {
        "mustache": "^4.1.0"
      },
      "devDependencies": {
        "@types/mustache": "^4.1.1"
      }
    },
    "node_modules/@types/mustache": {
      "version": "4.1.1",
      "resolved": "https://registry.npmjs.org/@types/mustache/-/mustache-4.1.1.tgz",
      "integrity": "sha512-Sm0NWeLhS2QL7NNGsXvO+Fgp7e3JLHCO6RS3RCnfjAnkw6Y1bsji/AGfISdQZDIR/AeOyzkrxRk9jBkl55zdJw==",
      "dev": true
    },
    "node_modules/mustache": {
      "version": "4.1.0",
      "resolved": "https://registry.npmjs.org/mustache/-/mustache-4.1.0.tgz",
      "integrity": "sha512-0FsgP/WVq4mKyjolIyX+Z9Bd+3WS8GOwoUTyKXT5cTYMGeauNTi2HPCwERqseC1IHAy0Z7MDZnJBfjabd4O8GQ==",
      "bin": {
        "mustache": "bin/mustache"
      }
    }
  },
  "dependencies": {
    "@types/mustache": {
      "version": "4.1.1",
      "resolved": "https://registry.npmjs.org/@types/mustache/-/mustache-4.1.1.tgz",
      "integrity": "sha512-Sm0NWeLhS2QL7NNGsXvO+Fgp7e3JLHCO6RS3RCnfjAnkw6Y1bsji/AGfISdQZDIR/AeOyzkrxRk9jBkl55zdJw==",
      "dev": true
    },
    "mustache": {
      "version": "4.1.0",
      "resolved": "https://registry.npmjs.org/mustache/-/mustache-4.1.0.tgz",
      "integrity": "sha512-0FsgP/WVq4mKyjolIyX+Z9Bd+3WS8GOwoUTyKXT5cTYMGeauNTi2HPCwERqseC1IHAy0Z7MDZnJBfjabd4O8GQ=="
    }
  }
}
